// !$*UTF8*$!
{
	archiveVersion = 1;
	classes = {
	};
	objectVersion = 77;
	objects = {

/* Begin PBXContainerItemProxy section */
		240656452DC1C967007159B4 /* PBXContainerItemProxy */ = {
			isa = PBXContainerItemProxy;
			containerPortal = 240656292DC1C966007159B4 /* Project object */;
			proxyType = 1;
			remoteGlobalIDString = 240656302DC1C966007159B4;
			remoteInfo = DisplayGo;
		};
		2406564F2DC1C968007159B4 /* PBXContainerItemProxy */ = {
			isa = PBXContainerItemProxy;
			containerPortal = 240656292DC1C966007159B4 /* Project object */;
			proxyType = 1;
			remoteGlobalIDString = 240656302DC1C966007159B4;
			remoteInfo = DisplayGo;
		};
/* End PBXContainerItemProxy section */

/* Begin PBXFileReference section */
		240656312DC1C966007159B4 /* DisplayGo.app */ = {isa = PBXFileReference; explicitFileType = wrapper.application; includeInIndex = 0; path = DisplayGo.app; sourceTree = BUILT_PRODUCTS_DIR; };
		240656442DC1C967007159B4 /* DisplayGoTests.xctest */ = {isa = PBXFileReference; explicitFileType = wrapper.cfbundle; includeInIndex = 0; path = DisplayGoTests.xctest; sourceTree = BUILT_PRODUCTS_DIR; };
		2406564E2DC1C968007159B4 /* DisplayGoUITests.xctest */ = {isa = PBXFileReference; explicitFileType = wrapper.cfbundle; includeInIndex = 0; path = DisplayGoUITests.xctest; sourceTree = BUILT_PRODUCTS_DIR; };
/* End PBXFileReference section */

/* Begin PBXFileSystemSynchronizedRootGroup section */
		240656332DC1C966007159B4 /* DisplayGo */ = {
			isa = PBXFileSystemSynchronizedRootGroup;
			path = DisplayGo;
			sourceTree = "<group>";
		};
		240656472DC1C967007159B4 /* DisplayGoTests */ = {
			isa = PBXFileSystemSynchronizedRootGroup;
			path = DisplayGoTests;
			sourceTree = "<group>";
		};
		240656512DC1C968007159B4 /* DisplayGoUITests */ = {
			isa = PBXFileSystemSynchronizedRootGroup;
			path = DisplayGoUITests;
			sourceTree = "<group>";
		};
/* End PBXFileSystemSynchronizedRootGroup section */

/* Begin PBXFrameworksBuildPhase section */
		2406562E2DC1C966007159B4 /* Frameworks */ = {
			isa = PBXFrameworksBuildPhase;
			buildActionMask = 2147483647;
			files = (
			);
			runOnlyForDeploymentPostprocessing = 0;
		};
		240656412DC1C967007159B4 /* Frameworks */ = {
			isa = PBXFrameworksBuildPhase;
			buildActionMask = 2147483647;
			files = (
			);
			runOnlyForDeploymentPostprocessing = 0;
		};
		2406564B2DC1C968007159B4 /* Frameworks */ = {
			isa = PBXFrameworksBuildPhase;
			buildActionMask = 2147483647;
			files = (
			);
			runOnlyForDeploymentPostprocessing = 0;
		};
/* End PBXFrameworksBuildPhase section */

/* Begin PBXGroup section */
		240656282DC1C966007159B4 = {
			isa = PBXGroup;
			children = (
				240656332DC1C966007159B4 /* DisplayGo */,
				240656472DC1C967007159B4 /* DisplayGoTests */,
				240656512DC1C968007159B4 /* DisplayGoUITests */,
				240656322DC1C966007159B4 /* Products */,
			);
			sourceTree = "<group>";
		};
		240656322DC1C966007159B4 /* Products */ = {
			isa = PBXGroup;
			children = (
				240656312DC1C966007159B4 /* DisplayGo.app */,
				240656442DC1C967007159B4 /* DisplayGoTests.xctest */,
				2406564E2DC1C968007159B4 /* DisplayGoUITests.xctest */,
			);
			name = Products;
			sourceTree = "<group>";
		};
/* End PBXGroup section */

/* Begin PBXNativeTarget section */
		240656302DC1C966007159B4 /* DisplayGo */ = {
			isa = PBXNativeTarget;
			buildConfigurationList = 240656582DC1C968007159B4 /* Build configuration list for PBXNativeTarget "DisplayGo" */;
			buildPhases = (
				2406562D2DC1C966007159B4 /* Sources */,
				2406562E2DC1C966007159B4 /* Frameworks */,
				2406562F2DC1C966007159B4 /* Resources */,
			);
			buildRules = (
			);
			dependencies = (
			);
			fileSystemSynchronizedGroups = (
				240656332DC1C966007159B4 /* DisplayGo */,
			);
			name = DisplayGo;
			packageProductDependencies = (
			);
			productName = DisplayGo;
			productReference = 240656312DC1C966007159B4 /* DisplayGo.app */;
			productType = "com.apple.product-type.application";
		};
		240656432DC1C967007159B4 /* DisplayGoTests */ = {
			isa = PBXNativeTarget;
			buildConfigurationList = 2406565B2DC1C968007159B4 /* Build configuration list for PBXNativeTarget "DisplayGoTests" */;
			buildPhases = (
				240656402DC1C967007159B4 /* Sources */,
				240656412DC1C967007159B4 /* Frameworks */,
				240656422DC1C967007159B4 /* Resources */,
			);
			buildRules = (
			);
			dependencies = (
				240656462DC1C967007159B4 /* PBXTargetDependency */,
			);
			fileSystemSynchronizedGroups = (
				240656472DC1C967007159B4 /* DisplayGoTests */,
			);
			name = DisplayGoTests;
			packageProductDependencies = (
			);
			productName = DisplayGoTests;
			productReference = 240656442DC1C967007159B4 /* DisplayGoTests.xctest */;
			productType = "com.apple.product-type.bundle.unit-test";
		};
		2406564D2DC1C968007159B4 /* DisplayGoUITests */ = {
			isa = PBXNativeTarget;
			buildConfigurationList = 2406565E2DC1C968007159B4 /* Build configuration list for PBXNativeTarget "DisplayGoUITests" */;
			buildPhases = (
				2406564A2DC1C968007159B4 /* Sources */,
				2406564B2DC1C968007159B4 /* Frameworks */,
				2406564C2DC1C968007159B4 /* Resources */,
			);
			buildRules = (
			);
			dependencies = (
				240656502DC1C968007159B4 /* PBXTargetDependency */,
			);
			fileSystemSynchronizedGroups = (
				240656512DC1C968007159B4 /* DisplayGoUITests */,
			);
			name = DisplayGoUITests;
			packageProductDependencies = (
			);
			productName = DisplayGoUITests;
			productReference = 2406564E2DC1C968007159B4 /* DisplayGoUITests.xctest */;
			productType = "com.apple.product-type.bundle.ui-testing";
		};
/* End PBXNativeTarget section */

/* Begin PBXProject section */
		240656292DC1C966007159B4 /* Project object */ = {
			isa = PBXProject;
			attributes = {
				BuildIndependentTargetsInParallel = 1;
				LastSwiftUpdateCheck = 1620;
				LastUpgradeCheck = 1620;
				TargetAttributes = {
					240656302DC1C966007159B4 = {
						CreatedOnToolsVersion = 16.2;
					};
					240656432DC1C967007159B4 = {
						CreatedOnToolsVersion = 16.2;
						TestTargetID = 240656302DC1C966007159B4;
					};
					2406564D2DC1C968007159B4 = {
						CreatedOnToolsVersion = 16.2;
						TestTargetID = 240656302DC1C966007159B4;
					};
				};
			};
			buildConfigurationList = 2406562C2DC1C966007159B4 /* Build configuration list for PBXProject "DisplayGo" */;
			developmentRegion = en;
			hasScannedForEncodings = 0;
			knownRegions = (
				en,
				Base,
			);
			mainGroup = 240656282DC1C966007159B4;
			minimizedProjectReferenceProxies = 1;
			preferredProjectObjectVersion = 77;
			productRefGroup = 240656322DC1C966007159B4 /* Products */;
			projectDirPath = "";
			projectRoot = "";
			targets = (
				240656302DC1C966007159B4 /* DisplayGo */,
				240656432DC1C967007159B4 /* DisplayGoTests */,
				2406564D2DC1C968007159B4 /* DisplayGoUITests */,
			);
		};
/* End PBXProject section */

/* Begin PBXResourcesBuildPhase section */
		2406562F2DC1C966007159B4 /* Resources */ = {
			isa = PBXResourcesBuildPhase;
			buildActionMask = 2147483647;
			files = (
			);
			runOnlyForDeploymentPostprocessing = 0;
		};
		240656422DC1C967007159B4 /* Resources */ = {
			isa = PBXResourcesBuildPhase;
			buildActionMask = 2147483647;
			files = (
			);
			runOnlyForDeploymentPostprocessing = 0;
		};
		2406564C2DC1C968007159B4 /* Resources */ = {
			isa = PBXResourcesBuildPhase;
			buildActionMask = 2147483647;
			files = (
			);
			runOnlyForDeploymentPostprocessing = 0;
		};
/* End PBXResourcesBuildPhase section */

/* Begin PBXSourcesBuildPhase section */
		2406562D2DC1C966007159B4 /* Sources */ = {
			isa = PBXSourcesBuildPhase;
			buildActionMask = 2147483647;
			files = (
			);
			runOnlyForDeploymentPostprocessing = 0;
		};
		240656402DC1C967007159B4 /* Sources */ = {
			isa = PBXSourcesBuildPhase;
			buildActionMask = 2147483647;
			files = (
			);
			runOnlyForDeploymentPostprocessing = 0;
		};
		2406564A2DC1C968007159B4 /* Sources */ = {
			isa = PBXSourcesBuildPhase;
			buildActionMask = 2147483647;
			files = (
			);
			runOnlyForDeploymentPostprocessing = 0;
		};
/* End PBXSourcesBuildPhase section */

/* Begin PBXTargetDependency section */
		240656462DC1C967007159B4 /* PBXTargetDependency */ = {
			isa = PBXTargetDependency;
			target = 240656302DC1C966007159B4 /* DisplayGo */;
			targetProxy = 240656452DC1C967007159B4 /* PBXContainerItemProxy */;
		};
		240656502DC1C968007159B4 /* PBXTargetDependency */ = {
			isa = PBXTargetDependency;
			target = 240656302DC1C966007159B4 /* DisplayGo */;
			targetProxy = 2406564F2DC1C968007159B4 /* PBXContainerItemProxy */;
		};
/* End PBXTargetDependency section */

/* Begin XCBuildConfiguration section */
		240656562DC1C968007159B4 /* Debug */ = {
			isa = XCBuildConfiguration;
			buildSettings = {
				ALWAYS_SEARCH_USER_PATHS = NO;
				ASSETCATALOG_COMPILER_GENERATE_SWIFT_ASSET_SYMBOL_EXTENSIONS = YES;
				CLANG_ANALYZER_NONNULL = YES;
				CLANG_ANALYZER_NUMBER_OBJECT_CONVERSION = YES_AGGRESSIVE;
				CLANG_CXX_LANGUAGE_STANDARD = "gnu++20";
				CLANG_ENABLE_MODULES = YES;
				CLANG_ENABLE_OBJC_ARC = YES;
				CLANG_ENABLE_OBJC_WEAK = YES;
				CLANG_WARN_BLOCK_CAPTURE_AUTORELEASING = YES;
				CLANG_WARN_BOOL_CONVERSION = YES;
				CLANG_WARN_COMMA = YES;
				CLANG_WARN_CONSTANT_CONVERSION = YES;
				CLANG_WARN_DEPRECATED_OBJC_IMPLEMENTATIONS = YES;
				CLANG_WARN_DIRECT_OBJC_ISA_USAGE = YES_ERROR;
				CLANG_WARN_DOCUMENTATION_COMMENTS = YES;
				CLANG_WARN_EMPTY_BODY = YES;
				CLANG_WARN_ENUM_CONVERSION = YES;
				CLANG_WARN_INFINITE_RECURSION = YES;
				CLANG_WARN_INT_CONVERSION = YES;
				CLANG_WARN_NON_LITERAL_NULL_CONVERSION = YES;
				CLANG_WARN_OBJC_IMPLICIT_RETAIN_SELF = YES;
				CLANG_WARN_OBJC_LITERAL_CONVERSION = YES;
				CLANG_WARN_OBJC_ROOT_CLASS = YES_ERROR;
				CLANG_WARN_QUOTED_INCLUDE_IN_FRAMEWORK_HEADER = YES;
				CLANG_WARN_RANGE_LOOP_ANALYSIS = YES;
				CLANG_WARN_STRICT_PROTOTYPES = YES;
				CLANG_WARN_SUSPICIOUS_MOVE = YES;
				CLANG_WARN_UNGUARDED_AVAILABILITY = YES_AGGRESSIVE;
				CLANG_WARN_UNREACHABLE_CODE = YES;
				CLANG_WARN__DUPLICATE_METHOD_MATCH = YES;
				COPY_PHASE_STRIP = NO;
				DEBUG_INFORMATION_FORMAT = dwarf;
				ENABLE_STRICT_OBJC_MSGSEND = YES;
				ENABLE_TESTABILITY = YES;
				ENABLE_USER_SCRIPT_SANDBOXING = YES;
				GCC_C_LANGUAGE_STANDARD = gnu17;
				GCC_DYNAMIC_NO_PIC = NO;
				GCC_NO_COMMON_BLOCKS = YES;
				GCC_OPTIMIZATION_LEVEL = 0;
				GCC_PREPROCESSOR_DEFINITIONS = (
					"DEBUG=1",
					"$(inherited)",
				);
				GCC_WARN_64_TO_32_BIT_CONVERSION = YES;
				GCC_WARN_ABOUT_RETURN_TYPE = YES_ERROR;
				GCC_WARN_UNDECLARED_SELECTOR = YES;
				GCC_WARN_UNINITIALIZED_AUTOS = YES_AGGRESSIVE;
				GCC_WARN_UNUSED_FUNCTION = YES;
				GCC_WARN_UNUSED_VARIABLE = YES;
				LOCALIZATION_PREFERS_STRING_CATALOGS = YES;
				MACOSX_DEPLOYMENT_TARGET = 15.2;
				MTL_ENABLE_DEBUG_INFO = INCLUDE_SOURCE;
				MTL_FAST_MATH = YES;
				ONLY_ACTIVE_ARCH = YES;
				SDKROOT = macosx;
				SWIFT_ACTIVE_COMPILATION_CONDITIONS = "DEBUG $(inherited)";
				SWIFT_OPTIMIZATION_LEVEL = "-Onone";
			};
			name = Debug;
		};
		240656572DC1C968007159B4 /* Release */ = {
			isa = XCBuildConfiguration;
			buildSettings = {
				ALWAYS_SEARCH_USER_PATHS = NO;
				ASSETCATALOG_COMPILER_GENERATE_SWIFT_ASSET_SYMBOL_EXTENSIONS = YES;
				CLANG_ANALYZER_NONNULL = YES;
				CLANG_ANALYZER_NUMBER_OBJECT_CONVERSION = YES_AGGRESSIVE;
				CLANG_CXX_LANGUAGE_STANDARD = "gnu++20";
				CLANG_ENABLE_MODULES = YES;
				CLANG_ENABLE_OBJC_ARC = YES;
				CLANG_ENABLE_OBJC_WEAK = YES;
				CLANG_WARN_BLOCK_CAPTURE_AUTORELEASING = YES;
				CLANG_WARN_BOOL_CONVERSION = YES;
				CLANG_WARN_COMMA = YES;
				CLANG_WARN_CONSTANT_CONVERSION = YES;
				CLANG_WARN_DEPRECATED_OBJC_IMPLEMENTATIONS = YES;
				CLANG_WARN_DIRECT_OBJC_ISA_USAGE = YES_ERROR;
				CLANG_WARN_DOCUMENTATION_COMMENTS = YES;
				CLANG_WARN_EMPTY_BODY = YES;
				CLANG_WARN_ENUM_CONVERSION = YES;
				CLANG_WARN_INFINITE_RECURSION = YES;
				CLANG_WARN_INT_CONVERSION = YES;
				CLANG_WARN_NON_LITERAL_NULL_CONVERSION = YES;
				CLANG_WARN_OBJC_IMPLICIT_RETAIN_SELF = YES;
				CLANG_WARN_OBJC_LITERAL_CONVERSION = YES;
				CLANG_WARN_OBJC_ROOT_CLASS = YES_ERROR;
				CLANG_WARN_QUOTED_INCLUDE_IN_FRAMEWORK_HEADER = YES;
				CLANG_WARN_RANGE_LOOP_ANALYSIS = YES;
				CLANG_WARN_STRICT_PROTOTYPES = YES;
				CLANG_WARN_SUSPICIOUS_MOVE = YES;
				CLANG_WARN_UNGUARDED_AVAILABILITY = YES_AGGRESSIVE;
				CLANG_WARN_UNREACHABLE_CODE = YES;
				CLANG_WARN__DUPLICATE_METHOD_MATCH = YES;
				COPY_PHASE_STRIP = NO;
				DEBUG_INFORMATION_FORMAT = "dwarf-with-dsym";
				ENABLE_NS_ASSERTIONS = NO;
				ENABLE_STRICT_OBJC_MSGSEND = YES;
				ENABLE_USER_SCRIPT_SANDBOXING = YES;
				GCC_C_LANGUAGE_STANDARD = gnu17;
				GCC_NO_COMMON_BLOCKS = YES;
				GCC_WARN_64_TO_32_BIT_CONVERSION = YES;
				GCC_WARN_ABOUT_RETURN_TYPE = YES_ERROR;
				GCC_WARN_UNDECLARED_SELECTOR = YES;
				GCC_WARN_UNINITIALIZED_AUTOS = YES_AGGRESSIVE;
				GCC_WARN_UNUSED_FUNCTION = YES;
				GCC_WARN_UNUSED_VARIABLE = YES;
				LOCALIZATION_PREFERS_STRING_CATALOGS = YES;
				MACOSX_DEPLOYMENT_TARGET = 15.2;
				MTL_ENABLE_DEBUG_INFO = NO;
				MTL_FAST_MATH = YES;
				SDKROOT = macosx;
				SWIFT_COMPILATION_MODE = wholemodule;
			};
			name = Release;
		};
		240656592DC1C968007159B4 /* Debug */ = {
			isa = XCBuildConfiguration;
			buildSettings = {
				ASSETCATALOG_COMPILER_APPICON_NAME = AppIcon;
				ASSETCATALOG_COMPILER_GLOBAL_ACCENT_COLOR_NAME = AccentColor;
				CODE_SIGN_ENTITLEMENTS = DisplayGo/DisplayGo.entitlements;
				CODE_SIGN_STYLE = Automatic;
				COMBINE_HIDPI_IMAGES = YES;
				CURRENT_PROJECT_VERSION = 1;
				DEVELOPMENT_ASSET_PATHS = "\"DisplayGo/Preview Content\"";
				ENABLE_PREVIEWS = YES;
				GENERATE_INFOPLIST_FILE = YES;
				INFOPLIST_KEY_NSHumanReadableCopyright = "";
				LD_RUNPATH_SEARCH_PATHS = (
					"$(inherited)",
					"@executable_path/../Frameworks",
				);
				MACOSX_DEPLOYMENT_TARGET = 14.0;
				MARKETING_VERSION = 1.0;
				PRODUCT_BUNDLE_IDENTIFIER = go.DisplayGo;
				PRODUCT_NAME = "$(TARGET_NAME)";
				SWIFT_EMIT_LOC_STRINGS = YES;
				SWIFT_VERSION = 5.0;
			};
			name = Debug;
		};
		2406565A2DC1C968007159B4 /* Release */ = {
			isa = XCBuildConfiguration;
			buildSettings = {
				ASSETCATALOG_COMPILER_APPICON_NAME = AppIcon;
				ASSETCATALOG_COMPILER_GLOBAL_ACCENT_COLOR_NAME = AccentColor;
				CODE_SIGN_ENTITLEMENTS = DisplayGo/DisplayGo.entitlements;
				CODE_SIGN_STYLE = Automatic;
				COMBINE_HIDPI_IMAGES = YES;
				CURRENT_PROJECT_VERSION = 1;
				DEVELOPMENT_ASSET_PATHS = "\"DisplayGo/Preview Content\"";
				ENABLE_PREVIEWS = YES;
				GENERATE_INFOPLIST_FILE = YES;
				INFOPLIST_KEY_NSHumanReadableCopyright = "";
				LD_RUNPATH_SEARCH_PATHS = (
					"$(inherited)",
					"@executable_path/../Frameworks",
				);
				MACOSX_DEPLOYMENT_TARGET = 14.0;
				MARKETING_VERSION = 1.0;
				PRODUCT_BUNDLE_IDENTIFIER = go.DisplayGo;
				PRODUCT_NAME = "$(TARGET_NAME)";
				SWIFT_EMIT_LOC_STRINGS = YES;
				SWIFT_VERSION = 5.0;
			};
			name = Release;
		};
		2406565C2DC1C968007159B4 /* Debug */ = {
			isa = XCBuildConfiguration;
			buildSettings = {
				BUNDLE_LOADER = "$(TEST_HOST)";
				CODE_SIGN_STYLE = Automatic;
				CURRENT_PROJECT_VERSION = 1;
				GENERATE_INFOPLIST_FILE = YES;
				MACOSX_DEPLOYMENT_TARGET = 14.0;
				MARKETING_VERSION = 1.0;
				PRODUCT_BUNDLE_IDENTIFIER = go.DisplayGoTests;
				PRODUCT_NAME = "$(TARGET_NAME)";
				SWIFT_EMIT_LOC_STRINGS = NO;
				SWIFT_VERSION = 5.0;
				TEST_HOST = "$(BUILT_PRODUCTS_DIR)/DisplayGo.app/$(BUNDLE_EXECUTABLE_FOLDER_PATH)/DisplayGo";
			};
			name = Debug;
		};
		2406565D2DC1C968007159B4 /* Release */ = {
			isa = XCBuildConfiguration;
			buildSettings = {
				BUNDLE_LOADER = "$(TEST_HOST)";
				CODE_SIGN_STYLE = Automatic;
				CURRENT_PROJECT_VERSION = 1;
				GENERATE_INFOPLIST_FILE = YES;
				MACOSX_DEPLOYMENT_TARGET = 14.0;
				MARKETING_VERSION = 1.0;
				PRODUCT_BUNDLE_IDENTIFIER = go.DisplayGoTests;
				PRODUCT_NAME = "$(TARGET_NAME)";
				SWIFT_EMIT_LOC_STRINGS = NO;
				SWIFT_VERSION = 5.0;
				TEST_HOST = "$(BUILT_PRODUCTS_DIR)/DisplayGo.app/$(BUNDLE_EXECUTABLE_FOLDER_PATH)/DisplayGo";
			};
			name = Release;
		};
		2406565F2DC1C968007159B4 /* Debug */ = {
			isa = XCBuildConfiguration;
			buildSettings = {
				CODE_SIGN_STYLE = Automatic;
				CURRENT_PROJECT_VERSION = 1;
				GENERATE_INFOPLIST_FILE = YES;
				MARKETING_VERSION = 1.0;
				PRODUCT_BUNDLE_IDENTIFIER = go.DisplayGoUITests;
				PRODUCT_NAME = "$(TARGET_NAME)";
				SWIFT_EMIT_LOC_STRINGS = NO;
				SWIFT_VERSION = 5.0;
				TEST_TARGET_NAME = DisplayGo;
			};
			name = Debug;
		};
		240656602DC1C968007159B4 /* Release */ = {
			isa = XCBuildConfiguration;
			buildSettings = {
				CODE_SIGN_STYLE = Automatic;
				CURRENT_PROJECT_VERSION = 1;
				GENERATE_INFOPLIST_FILE = YES;
				MARKETING_VERSION = 1.0;
				PRODUCT_BUNDLE_IDENTIFIER = go.DisplayGoUITests;
				PRODUCT_NAME = "$(TARGET_NAME)";
				SWIFT_EMIT_LOC_STRINGS = NO;
				SWIFT_VERSION = 5.0;
				TEST_TARGET_NAME = DisplayGo;
			};
			name = Release;
		};
/* End XCBuildConfiguration section */

/* Begin XCConfigurationList section */
		2406562C2DC1C966007159B4 /* Build configuration list for PBXProject "DisplayGo" */ = {
			isa = XCConfigurationList;
			buildConfigurations = (
				240656562DC1C968007159B4 /* Debug */,
				240656572DC1C968007159B4 /* Release */,
			);
			defaultConfigurationIsVisible = 0;
			defaultConfigurationName = Release;
		};
		240656582DC1C968007159B4 /* Build configuration list for PBXNativeTarget "DisplayGo" */ = {
			isa = XCConfigurationList;
			buildConfigurations = (
				240656592DC1C968007159B4 /* Debug */,
				2406565A2DC1C968007159B4 /* Release */,
			);
			defaultConfigurationIsVisible = 0;
			defaultConfigurationName = Release;
		};
		2406565B2DC1C968007159B4 /* Build configuration list for PBXNativeTarget "DisplayGoTests" */ = {
			isa = XCConfigurationList;
			buildConfigurations = (
				2406565C2DC1C968007159B4 /* Debug */,
				2406565D2DC1C968007159B4 /* Release */,
			);
			defaultConfigurationIsVisible = 0;
			defaultConfigurationName = Release;
		};
		2406565E2DC1C968007159B4 /* Build configuration list for PBXNativeTarget "DisplayGoUITests" */ = {
			isa = XCConfigurationList;
			buildConfigurations = (
				2406565F2DC1C968007159B4 /* Debug */,
				240656602DC1C968007159B4 /* Release */,
			);
			defaultConfigurationIsVisible = 0;
			defaultConfigurationName = Release;
		};
/* End XCConfigurationList section */
	};
	rootObject = 240656292DC1C966007159B4 /* Project object */;
}
