// !$*UTF8*$!
{
	archiveVersion = 1;
	classes = {
	};
	objectVersion = 77;
	objects = {

/* Begin PBXBuildFile section */
		248142702DD83F4B00781A32 /* HotKey in Frameworks */ = {isa = PBXBuildFile; productRef = 2481426F2DD83F4B00781A32 /* HotKey */; };
/* End PBXBuildFile section */

/* Begin PBXContainerItemProxy section */
		2481423D2DD83DF100781A32 /* PBXContainerItemProxy */ = {
			isa = PBXContainerItemProxy;
			containerPortal = 248142212DD83DF000781A32 /* Project object */;
			proxyType = 1;
			remoteGlobalIDString = 248142282DD83DF000781A32;
			remoteInfo = DisplayGo;
		};
		248142472DD83DF100781A32 /* PBXContainerItemProxy */ = {
			isa = PBXContainerItemProxy;
			containerPortal = 248142212DD83DF000781A32 /* Project object */;
			proxyType = 1;
			remoteGlobalIDString = 248142282DD83DF000781A32;
			remoteInfo = DisplayGo;
		};
/* End PBXContainerItemProxy section */

/* Begin PBXFileReference section */
		248142292DD83DF000781A32 /* DisplayGo.app */ = {isa = PBXFileReference; explicitFileType = wrapper.application; includeInIndex = 0; path = DisplayGo.app; sourceTree = BUILT_PRODUCTS_DIR; };
		2481423C2DD83DF100781A32 /* DisplayGoTests.xctest */ = {isa = PBXFileReference; explicitFileType = wrapper.cfbundle; includeInIndex = 0; path = DisplayGoTests.xctest; sourceTree = BUILT_PRODUCTS_DIR; };
		248142462DD83DF100781A32 /* DisplayGoUITests.xctest */ = {isa = PBXFileReference; explicitFileType = wrapper.cfbundle; includeInIndex = 0; path = DisplayGoUITests.xctest; sourceTree = BUILT_PRODUCTS_DIR; };
/* End PBXFileReference section */

/* Begin PBXFileSystemSynchronizedRootGroup section */
		2481422B2DD83DF000781A32 /* DisplayGo */ = {
			isa = PBXFileSystemSynchronizedRootGroup;
			path = DisplayGo;
			sourceTree = "<group>";
		};
		2481423F2DD83DF100781A32 /* DisplayGoTests */ = {
			isa = PBXFileSystemSynchronizedRootGroup;
			path = DisplayGoTests;
			sourceTree = "<group>";
		};
		248142492DD83DF100781A32 /* DisplayGoUITests */ = {
			isa = PBXFileSystemSynchronizedRootGroup;
			path = DisplayGoUITests;
			sourceTree = "<group>";
		};
/* End PBXFileSystemSynchronizedRootGroup section */

/* Begin PBXFrameworksBuildPhase section */
		248142262DD83DF000781A32 /* Frameworks */ = {
			isa = PBXFrameworksBuildPhase;
			buildActionMask = 2147483647;
			files = (
				248142702DD83F4B00781A32 /* HotKey in Frameworks */,
			);
			runOnlyForDeploymentPostprocessing = 0;
		};
		248142392DD83DF100781A32 /* Frameworks */ = {
			isa = PBXFrameworksBuildPhase;
			buildActionMask = 2147483647;
			files = (
			);
			runOnlyForDeploymentPostprocessing = 0;
		};
		248142432DD83DF100781A32 /* Frameworks */ = {
			isa = PBXFrameworksBuildPhase;
			buildActionMask = 2147483647;
			files = (
			);
			runOnlyForDeploymentPostprocessing = 0;
		};
/* End PBXFrameworksBuildPhase section */

/* Begin PBXGroup section */
		248142202DD83DF000781A32 = {
			isa = PBXGroup;
			children = (
				2481422B2DD83DF000781A32 /* DisplayGo */,
				2481423F2DD83DF100781A32 /* DisplayGoTests */,
				248142492DD83DF100781A32 /* DisplayGoUITests */,
				2481422A2DD83DF000781A32 /* Products */,
			);
			sourceTree = "<group>";
		};
		2481422A2DD83DF000781A32 /* Products */ = {
			isa = PBXGroup;
			children = (
				248142292DD83DF000781A32 /* DisplayGo.app */,
				2481423C2DD83DF100781A32 /* DisplayGoTests.xctest */,
				248142462DD83DF100781A32 /* DisplayGoUITests.xctest */,
			);
			name = Products;
			sourceTree = "<group>";
		};
/* End PBXGroup section */

/* Begin PBXNativeTarget section */
		248142282DD83DF000781A32 /* DisplayGo */ = {
			isa = PBXNativeTarget;
			buildConfigurationList = 248142502DD83DF100781A32 /* Build configuration list for PBXNativeTarget "DisplayGo" */;
			buildPhases = (
				248142252DD83DF000781A32 /* Sources */,
				248142262DD83DF000781A32 /* Frameworks */,
				248142272DD83DF000781A32 /* Resources */,
			);
			buildRules = (
			);
			dependencies = (
			);
			fileSystemSynchronizedGroups = (
				2481422B2DD83DF000781A32 /* DisplayGo */,
			);
			name = DisplayGo;
			packageProductDependencies = (
				2481426F2DD83F4B00781A32 /* HotKey */,
			);
			productName = DisplayGo;
			productReference = 248142292DD83DF000781A32 /* DisplayGo.app */;
			productType = "com.apple.product-type.application";
		};
		2481423B2DD83DF100781A32 /* DisplayGoTests */ = {
			isa = PBXNativeTarget;
			buildConfigurationList = 248142532DD83DF100781A32 /* Build configuration list for PBXNativeTarget "DisplayGoTests" */;
			buildPhases = (
				248142382DD83DF100781A32 /* Sources */,
				248142392DD83DF100781A32 /* Frameworks */,
				2481423A2DD83DF100781A32 /* Resources */,
			);
			buildRules = (
			);
			dependencies = (
				2481423E2DD83DF100781A32 /* PBXTargetDependency */,
			);
			fileSystemSynchronizedGroups = (
				2481423F2DD83DF100781A32 /* DisplayGoTests */,
			);
			name = DisplayGoTests;
			packageProductDependencies = (
			);
			productName = DisplayGoTests;
			productReference = 2481423C2DD83DF100781A32 /* DisplayGoTests.xctest */;
			productType = "com.apple.product-type.bundle.unit-test";
		};
		248142452DD83DF100781A32 /* DisplayGoUITests */ = {
			isa = PBXNativeTarget;
			buildConfigurationList = 248142562DD83DF100781A32 /* Build configuration list for PBXNativeTarget "DisplayGoUITests" */;
			buildPhases = (
				248142422DD83DF100781A32 /* Sources */,
				248142432DD83DF100781A32 /* Frameworks */,
				248142442DD83DF100781A32 /* Resources */,
			);
			buildRules = (
			);
			dependencies = (
				248142482DD83DF100781A32 /* PBXTargetDependency */,
			);
			fileSystemSynchronizedGroups = (
				248142492DD83DF100781A32 /* DisplayGoUITests */,
			);
			name = DisplayGoUITests;
			packageProductDependencies = (
			);
			productName = DisplayGoUITests;
			productReference = 248142462DD83DF100781A32 /* DisplayGoUITests.xctest */;
			productType = "com.apple.product-type.bundle.ui-testing";
		};
/* End PBXNativeTarget section */

/* Begin PBXProject section */
		248142212DD83DF000781A32 /* Project object */ = {
			isa = PBXProject;
			attributes = {
				BuildIndependentTargetsInParallel = 1;
				LastSwiftUpdateCheck = 1620;
				LastUpgradeCheck = 1620;
				TargetAttributes = {
					248142282DD83DF000781A32 = {
						CreatedOnToolsVersion = 16.2;
					};
					2481423B2DD83DF100781A32 = {
						CreatedOnToolsVersion = 16.2;
						TestTargetID = 248142282DD83DF000781A32;
					};
					248142452DD83DF100781A32 = {
						CreatedOnToolsVersion = 16.2;
						TestTargetID = 248142282DD83DF000781A32;
					};
				};
			};
			buildConfigurationList = 248142242DD83DF000781A32 /* Build configuration list for PBXProject "DisplayGo" */;
			developmentRegion = en;
			hasScannedForEncodings = 0;
			knownRegions = (
				en,
				Base,
			);
			mainGroup = 248142202DD83DF000781A32;
			minimizedProjectReferenceProxies = 1;
			packageReferences = (
				2481426E2DD83F4B00781A32 /* XCRemoteSwiftPackageReference "HotKey" */,
			);
			preferredProjectObjectVersion = 77;
			productRefGroup = 2481422A2DD83DF000781A32 /* Products */;
			projectDirPath = "";
			projectRoot = "";
			targets = (
				248142282DD83DF000781A32 /* DisplayGo */,
				2481423B2DD83DF100781A32 /* DisplayGoTests */,
				248142452DD83DF100781A32 /* DisplayGoUITests */,
			);
		};
/* End PBXProject section */

/* Begin PBXResourcesBuildPhase section */
		248142272DD83DF000781A32 /* Resources */ = {
			isa = PBXResourcesBuildPhase;
			buildActionMask = 2147483647;
			files = (
			);
			runOnlyForDeploymentPostprocessing = 0;
		};
		2481423A2DD83DF100781A32 /* Resources */ = {
			isa = PBXResourcesBuildPhase;
			buildActionMask = 2147483647;
			files = (
			);
			runOnlyForDeploymentPostprocessing = 0;
		};
		248142442DD83DF100781A32 /* Resources */ = {
			isa = PBXResourcesBuildPhase;
			buildActionMask = 2147483647;
			files = (
			);
			runOnlyForDeploymentPostprocessing = 0;
		};
/* End PBXResourcesBuildPhase section */

/* Begin PBXSourcesBuildPhase section */
		248142252DD83DF000781A32 /* Sources */ = {
			isa = PBXSourcesBuildPhase;
			buildActionMask = 2147483647;
			files = (
			);
			runOnlyForDeploymentPostprocessing = 0;
		};
		248142382DD83DF100781A32 /* Sources */ = {
			isa = PBXSourcesBuildPhase;
			buildActionMask = 2147483647;
			files = (
			);
			runOnlyForDeploymentPostprocessing = 0;
		};
		248142422DD83DF100781A32 /* Sources */ = {
			isa = PBXSourcesBuildPhase;
			buildActionMask = 2147483647;
			files = (
			);
			runOnlyForDeploymentPostprocessing = 0;
		};
/* End PBXSourcesBuildPhase section */

/* Begin PBXTargetDependency section */
		2481423E2DD83DF100781A32 /* PBXTargetDependency */ = {
			isa = PBXTargetDependency;
			target = 248142282DD83DF000781A32 /* DisplayGo */;
			targetProxy = 2481423D2DD83DF100781A32 /* PBXContainerItemProxy */;
		};
		248142482DD83DF100781A32 /* PBXTargetDependency */ = {
			isa = PBXTargetDependency;
			target = 248142282DD83DF000781A32 /* DisplayGo */;
			targetProxy = 248142472DD83DF100781A32 /* PBXContainerItemProxy */;
		};
/* End PBXTargetDependency section */

/* Begin XCBuildConfiguration section */
		2481424E2DD83DF100781A32 /* Debug */ = {
			isa = XCBuildConfiguration;
			buildSettings = {
				ALWAYS_SEARCH_USER_PATHS = NO;
				ASSETCATALOG_COMPILER_GENERATE_SWIFT_ASSET_SYMBOL_EXTENSIONS = YES;
				CLANG_ANALYZER_NONNULL = YES;
				CLANG_ANALYZER_NUMBER_OBJECT_CONVERSION = YES_AGGRESSIVE;
				CLANG_CXX_LANGUAGE_STANDARD = "gnu++20";
				CLANG_ENABLE_MODULES = YES;
				CLANG_ENABLE_OBJC_ARC = YES;
				CLANG_ENABLE_OBJC_WEAK = YES;
				CLANG_WARN_BLOCK_CAPTURE_AUTORELEASING = YES;
				CLANG_WARN_BOOL_CONVERSION = YES;
				CLANG_WARN_COMMA = YES;
				CLANG_WARN_CONSTANT_CONVERSION = YES;
				CLANG_WARN_DEPRECATED_OBJC_IMPLEMENTATIONS = YES;
				CLANG_WARN_DIRECT_OBJC_ISA_USAGE = YES_ERROR;
				CLANG_WARN_DOCUMENTATION_COMMENTS = YES;
				CLANG_WARN_EMPTY_BODY = YES;
				CLANG_WARN_ENUM_CONVERSION = YES;
				CLANG_WARN_INFINITE_RECURSION = YES;
				CLANG_WARN_INT_CONVERSION = YES;
				CLANG_WARN_NON_LITERAL_NULL_CONVERSION = YES;
				CLANG_WARN_OBJC_IMPLICIT_RETAIN_SELF = YES;
				CLANG_WARN_OBJC_LITERAL_CONVERSION = YES;
				CLANG_WARN_OBJC_ROOT_CLASS = YES_ERROR;
				CLANG_WARN_QUOTED_INCLUDE_IN_FRAMEWORK_HEADER = YES;
				CLANG_WARN_RANGE_LOOP_ANALYSIS = YES;
				CLANG_WARN_STRICT_PROTOTYPES = YES;
				CLANG_WARN_SUSPICIOUS_MOVE = YES;
				CLANG_WARN_UNGUARDED_AVAILABILITY = YES_AGGRESSIVE;
				CLANG_WARN_UNREACHABLE_CODE = YES;
				CLANG_WARN__DUPLICATE_METHOD_MATCH = YES;
				COPY_PHASE_STRIP = NO;
				DEBUG_INFORMATION_FORMAT = dwarf;
				ENABLE_STRICT_OBJC_MSGSEND = YES;
				ENABLE_TESTABILITY = YES;
				ENABLE_USER_SCRIPT_SANDBOXING = YES;
				GCC_C_LANGUAGE_STANDARD = gnu17;
				GCC_DYNAMIC_NO_PIC = NO;
				GCC_NO_COMMON_BLOCKS = YES;
				GCC_OPTIMIZATION_LEVEL = 0;
				GCC_PREPROCESSOR_DEFINITIONS = (
					"DEBUG=1",
					"$(inherited)",
				);
				GCC_WARN_64_TO_32_BIT_CONVERSION = YES;
				GCC_WARN_ABOUT_RETURN_TYPE = YES_ERROR;
				GCC_WARN_UNDECLARED_SELECTOR = YES;
				GCC_WARN_UNINITIALIZED_AUTOS = YES_AGGRESSIVE;
				GCC_WARN_UNUSED_FUNCTION = YES;
				GCC_WARN_UNUSED_VARIABLE = YES;
				LOCALIZATION_PREFERS_STRING_CATALOGS = YES;
				MACOSX_DEPLOYMENT_TARGET = 15.2;
				MTL_ENABLE_DEBUG_INFO = INCLUDE_SOURCE;
				MTL_FAST_MATH = YES;
				ONLY_ACTIVE_ARCH = YES;
				SDKROOT = macosx;
				SWIFT_ACTIVE_COMPILATION_CONDITIONS = "DEBUG $(inherited)";
				SWIFT_OPTIMIZATION_LEVEL = "-Onone";
			};
			name = Debug;
		};
		2481424F2DD83DF100781A32 /* Release */ = {
			isa = XCBuildConfiguration;
			buildSettings = {
				ALWAYS_SEARCH_USER_PATHS = NO;
				ASSETCATALOG_COMPILER_GENERATE_SWIFT_ASSET_SYMBOL_EXTENSIONS = YES;
				CLANG_ANALYZER_NONNULL = YES;
				CLANG_ANALYZER_NUMBER_OBJECT_CONVERSION = YES_AGGRESSIVE;
				CLANG_CXX_LANGUAGE_STANDARD = "gnu++20";
				CLANG_ENABLE_MODULES = YES;
				CLANG_ENABLE_OBJC_ARC = YES;
				CLANG_ENABLE_OBJC_WEAK = YES;
				CLANG_WARN_BLOCK_CAPTURE_AUTORELEASING = YES;
				CLANG_WARN_BOOL_CONVERSION = YES;
				CLANG_WARN_COMMA = YES;
				CLANG_WARN_CONSTANT_CONVERSION = YES;
				CLANG_WARN_DEPRECATED_OBJC_IMPLEMENTATIONS = YES;
				CLANG_WARN_DIRECT_OBJC_ISA_USAGE = YES_ERROR;
				CLANG_WARN_DOCUMENTATION_COMMENTS = YES;
				CLANG_WARN_EMPTY_BODY = YES;
				CLANG_WARN_ENUM_CONVERSION = YES;
				CLANG_WARN_INFINITE_RECURSION = YES;
				CLANG_WARN_INT_CONVERSION = YES;
				CLANG_WARN_NON_LITERAL_NULL_CONVERSION = YES;
				CLANG_WARN_OBJC_IMPLICIT_RETAIN_SELF = YES;
				CLANG_WARN_OBJC_LITERAL_CONVERSION = YES;
				CLANG_WARN_OBJC_ROOT_CLASS = YES_ERROR;
				CLANG_WARN_QUOTED_INCLUDE_IN_FRAMEWORK_HEADER = YES;
				CLANG_WARN_RANGE_LOOP_ANALYSIS = YES;
				CLANG_WARN_STRICT_PROTOTYPES = YES;
				CLANG_WARN_SUSPICIOUS_MOVE = YES;
				CLANG_WARN_UNGUARDED_AVAILABILITY = YES_AGGRESSIVE;
				CLANG_WARN_UNREACHABLE_CODE = YES;
				CLANG_WARN__DUPLICATE_METHOD_MATCH = YES;
				COPY_PHASE_STRIP = NO;
				DEBUG_INFORMATION_FORMAT = "dwarf-with-dsym";
				ENABLE_NS_ASSERTIONS = NO;
				ENABLE_STRICT_OBJC_MSGSEND = YES;
				ENABLE_USER_SCRIPT_SANDBOXING = YES;
				GCC_C_LANGUAGE_STANDARD = gnu17;
				GCC_NO_COMMON_BLOCKS = YES;
				GCC_WARN_64_TO_32_BIT_CONVERSION = YES;
				GCC_WARN_ABOUT_RETURN_TYPE = YES_ERROR;
				GCC_WARN_UNDECLARED_SELECTOR = YES;
				GCC_WARN_UNINITIALIZED_AUTOS = YES_AGGRESSIVE;
				GCC_WARN_UNUSED_FUNCTION = YES;
				GCC_WARN_UNUSED_VARIABLE = YES;
				LOCALIZATION_PREFERS_STRING_CATALOGS = YES;
				MACOSX_DEPLOYMENT_TARGET = 15.2;
				MTL_ENABLE_DEBUG_INFO = NO;
				MTL_FAST_MATH = YES;
				SDKROOT = macosx;
				SWIFT_COMPILATION_MODE = wholemodule;
			};
			name = Release;
		};
		248142512DD83DF100781A32 /* Debug */ = {
			isa = XCBuildConfiguration;
			buildSettings = {
				ASSETCATALOG_COMPILER_APPICON_NAME = AppIcon;
				ASSETCATALOG_COMPILER_GLOBAL_ACCENT_COLOR_NAME = AccentColor;
				CODE_SIGN_ENTITLEMENTS = DisplayGo/DisplayGo.entitlements;
				CODE_SIGN_STYLE = Automatic;
				COMBINE_HIDPI_IMAGES = YES;
				CURRENT_PROJECT_VERSION = 1;
				DEVELOPMENT_ASSET_PATHS = "\"DisplayGo/Preview Content\"";
				DEVELOPMENT_TEAM = RP5GZ99V95;
				ENABLE_HARDENED_RUNTIME = YES;
				ENABLE_PREVIEWS = YES;
				GENERATE_INFOPLIST_FILE = YES;
				INFOPLIST_KEY_LSApplicationCategoryType = "public.app-category.utilities";
				INFOPLIST_KEY_NSHumanReadableCopyright = "";
				LD_RUNPATH_SEARCH_PATHS = (
					"$(inherited)",
					"@executable_path/../Frameworks",
				);
				MACOSX_DEPLOYMENT_TARGET = 14.0;
				MARKETING_VERSION = 1.0;
				PRODUCT_BUNDLE_IDENTIFIER = go.DisplayGo;
				PRODUCT_NAME = "$(TARGET_NAME)";
				SWIFT_EMIT_LOC_STRINGS = YES;
				SWIFT_VERSION = 5.0;
			};
			name = Debug;
		};
		248142522DD83DF100781A32 /* Release */ = {
			isa = XCBuildConfiguration;
			buildSettings = {
				ASSETCATALOG_COMPILER_APPICON_NAME = AppIcon;
				ASSETCATALOG_COMPILER_GLOBAL_ACCENT_COLOR_NAME = AccentColor;
				CODE_SIGN_ENTITLEMENTS = DisplayGo/DisplayGo.entitlements;
				CODE_SIGN_STYLE = Automatic;
				COMBINE_HIDPI_IMAGES = YES;
				CURRENT_PROJECT_VERSION = 1;
				DEVELOPMENT_ASSET_PATHS = "\"DisplayGo/Preview Content\"";
				DEVELOPMENT_TEAM = RP5GZ99V95;
				ENABLE_HARDENED_RUNTIME = YES;
				ENABLE_PREVIEWS = YES;
				GENERATE_INFOPLIST_FILE = YES;
				INFOPLIST_KEY_LSApplicationCategoryType = "public.app-category.utilities";
				INFOPLIST_KEY_NSHumanReadableCopyright = "";
				LD_RUNPATH_SEARCH_PATHS = (
					"$(inherited)",
					"@executable_path/../Frameworks",
				);
				MACOSX_DEPLOYMENT_TARGET = 14.0;
				MARKETING_VERSION = 1.0;
				PRODUCT_BUNDLE_IDENTIFIER = go.DisplayGo;
				PRODUCT_NAME = "$(TARGET_NAME)";
				SWIFT_EMIT_LOC_STRINGS = YES;
				SWIFT_VERSION = 5.0;
			};
			name = Release;
		};
		248142542DD83DF100781A32 /* Debug */ = {
			isa = XCBuildConfiguration;
			buildSettings = {
				BUNDLE_LOADER = "$(TEST_HOST)";
				CODE_SIGN_STYLE = Automatic;
				CURRENT_PROJECT_VERSION = 1;
				DEVELOPMENT_TEAM = RP5GZ99V95;
				GENERATE_INFOPLIST_FILE = YES;
				MACOSX_DEPLOYMENT_TARGET = 14.0;
				MARKETING_VERSION = 1.0;
				PRODUCT_BUNDLE_IDENTIFIER = go.DisplayGoTests;
				PRODUCT_NAME = "$(TARGET_NAME)";
				SWIFT_EMIT_LOC_STRINGS = NO;
				SWIFT_VERSION = 5.0;
				TEST_HOST = "$(BUILT_PRODUCTS_DIR)/DisplayGo.app/$(BUNDLE_EXECUTABLE_FOLDER_PATH)/DisplayGo";
			};
			name = Debug;
		};
		248142552DD83DF100781A32 /* Release */ = {
			isa = XCBuildConfiguration;
			buildSettings = {
				BUNDLE_LOADER = "$(TEST_HOST)";
				CODE_SIGN_STYLE = Automatic;
				CURRENT_PROJECT_VERSION = 1;
				DEVELOPMENT_TEAM = RP5GZ99V95;
				GENERATE_INFOPLIST_FILE = YES;
				MACOSX_DEPLOYMENT_TARGET = 14.0;
				MARKETING_VERSION = 1.0;
				PRODUCT_BUNDLE_IDENTIFIER = go.DisplayGoTests;
				PRODUCT_NAME = "$(TARGET_NAME)";
				SWIFT_EMIT_LOC_STRINGS = NO;
				SWIFT_VERSION = 5.0;
				TEST_HOST = "$(BUILT_PRODUCTS_DIR)/DisplayGo.app/$(BUNDLE_EXECUTABLE_FOLDER_PATH)/DisplayGo";
			};
			name = Release;
		};
		248142572DD83DF100781A32 /* Debug */ = {
			isa = XCBuildConfiguration;
			buildSettings = {
				CODE_SIGN_STYLE = Automatic;
				CURRENT_PROJECT_VERSION = 1;
				DEVELOPMENT_TEAM = RP5GZ99V95;
				GENERATE_INFOPLIST_FILE = YES;
				MARKETING_VERSION = 1.0;
				PRODUCT_BUNDLE_IDENTIFIER = go.DisplayGoUITests;
				PRODUCT_NAME = "$(TARGET_NAME)";
				SWIFT_EMIT_LOC_STRINGS = NO;
				SWIFT_VERSION = 5.0;
				TEST_TARGET_NAME = DisplayGo;
			};
			name = Debug;
		};
		248142582DD83DF100781A32 /* Release */ = {
			isa = XCBuildConfiguration;
			buildSettings = {
				CODE_SIGN_STYLE = Automatic;
				CURRENT_PROJECT_VERSION = 1;
				DEVELOPMENT_TEAM = RP5GZ99V95;
				GENERATE_INFOPLIST_FILE = YES;
				MARKETING_VERSION = 1.0;
				PRODUCT_BUNDLE_IDENTIFIER = go.DisplayGoUITests;
				PRODUCT_NAME = "$(TARGET_NAME)";
				SWIFT_EMIT_LOC_STRINGS = NO;
				SWIFT_VERSION = 5.0;
				TEST_TARGET_NAME = DisplayGo;
			};
			name = Release;
		};
/* End XCBuildConfiguration section */

/* Begin XCConfigurationList section */
		248142242DD83DF000781A32 /* Build configuration list for PBXProject "DisplayGo" */ = {
			isa = XCConfigurationList;
			buildConfigurations = (
				2481424E2DD83DF100781A32 /* Debug */,
				2481424F2DD83DF100781A32 /* Release */,
			);
			defaultConfigurationIsVisible = 0;
			defaultConfigurationName = Release;
		};
		248142502DD83DF100781A32 /* Build configuration list for PBXNativeTarget "DisplayGo" */ = {
			isa = XCConfigurationList;
			buildConfigurations = (
				248142512DD83DF100781A32 /* Debug */,
				248142522DD83DF100781A32 /* Release */,
			);
			defaultConfigurationIsVisible = 0;
			defaultConfigurationName = Release;
		};
		248142532DD83DF100781A32 /* Build configuration list for PBXNativeTarget "DisplayGoTests" */ = {
			isa = XCConfigurationList;
			buildConfigurations = (
				248142542DD83DF100781A32 /* Debug */,
				248142552DD83DF100781A32 /* Release */,
			);
			defaultConfigurationIsVisible = 0;
			defaultConfigurationName = Release;
		};
		248142562DD83DF100781A32 /* Build configuration list for PBXNativeTarget "DisplayGoUITests" */ = {
			isa = XCConfigurationList;
			buildConfigurations = (
				248142572DD83DF100781A32 /* Debug */,
				248142582DD83DF100781A32 /* Release */,
			);
			defaultConfigurationIsVisible = 0;
			defaultConfigurationName = Release;
		};
/* End XCConfigurationList section */

/* Begin XCRemoteSwiftPackageReference section */
		2481426E2DD83F4B00781A32 /* XCRemoteSwiftPackageReference "HotKey" */ = {
			isa = XCRemoteSwiftPackageReference;
			repositoryURL = "https://github.com/soffes/HotKey";
			requirement = {
				branch = main;
				kind = branch;
			};
		};
/* End XCRemoteSwiftPackageReference section */

/* Begin XCSwiftPackageProductDependency section */
		2481426F2DD83F4B00781A32 /* HotKey */ = {
			isa = XCSwiftPackageProductDependency;
			package = 2481426E2DD83F4B00781A32 /* XCRemoteSwiftPackageReference "HotKey" */;
			productName = HotKey;
		};
/* End XCSwiftPackageProductDependency section */
	};
	rootObject = 248142212DD83DF000781A32 /* Project object */;
}
